{
  "version": 4,
  "terraform_version": "1.5.7",
  "serial": 35,
  "lineage": "e0883775-62ac-384b-d26a-982725c76fd7",
  "outputs": {},
  "resources": [
    {
      "module": "module.core",
      "mode": "managed",
      "type": "aws_lambda_function",
      "name": "lambda-exception",
      "provider": "provider[\"registry.terraform.io/hashicorp/aws\"]",
      "instances": [
        {
          "schema_version": 0,
          "attributes": {
            "architectures": [
              "x86_64"
            ],
            "arn": "arn:aws:lambda:us-east-1:173725689523:function:dev-lambda-exception",
            "code_signing_config_arn": "",
            "dead_letter_config": [],
            "description": "",
            "environment": [
              {
                "variables": {
                  "sns_topic": ""
                }
              }
            ],
            "ephemeral_storage": [
              {
                "size": 512
              }
            ],
            "file_system_config": [],
            "filename": "../../../build/libs/aws-step-functions-1.0-SNAPSHOT.jar",
            "function_name": "dev-lambda-exception",
            "handler": "com.estebanbula.lambda.ExceptionLambda::handleRequest",
            "id": "dev-lambda-exception",
            "image_config": [],
            "image_uri": "",
            "invoke_arn": "arn:aws:apigateway:us-east-1:lambda:path/2015-03-31/functions/arn:aws:lambda:us-east-1:173725689523:function:dev-lambda-exception/invocations",
            "kms_key_arn": "",
            "last_modified": "2023-11-11T22:59:21.000+0000",
            "layers": [],
            "memory_size": 512,
            "package_type": "Zip",
            "publish": false,
            "qualified_arn": "arn:aws:lambda:us-east-1:173725689523:function:dev-lambda-exception:$LATEST",
            "qualified_invoke_arn": "arn:aws:apigateway:us-east-1:lambda:path/2015-03-31/functions/arn:aws:lambda:us-east-1:173725689523:function:dev-lambda-exception:$LATEST/invocations",
            "replace_security_groups_on_destroy": null,
            "replacement_security_group_ids": null,
            "reserved_concurrent_executions": -1,
            "role": "arn:aws:iam::173725689523:role/lambda-rol",
            "runtime": "java17",
            "s3_bucket": null,
            "s3_key": null,
            "s3_object_version": null,
            "signing_job_arn": "",
            "signing_profile_version_arn": "",
            "skip_destroy": false,
            "snap_start": [],
            "source_code_hash": "gcrpHPBqxTLnvWuLS8i+PSbrJ1N1mw+nJ/Wz6+dO/lY=",
            "source_code_size": 10434,
            "tags": {},
            "tags_all": {},
            "timeout": 300,
            "timeouts": null,
            "tracing_config": [
              {
                "mode": "PassThrough"
              }
            ],
            "version": "$LATEST",
            "vpc_config": []
          },
          "sensitive_attributes": [],
          "private": "eyJlMmJmYjczMC1lY2FhLTExZTYtOGY4OC0zNDM2M2JjN2M0YzAiOnsiY3JlYXRlIjo2MDAwMDAwMDAwMDAsImRlbGV0ZSI6NjAwMDAwMDAwMDAwLCJ1cGRhdGUiOjYwMDAwMDAwMDAwMH19"
        }
      ]
    },
    {
      "module": "module.core",
      "mode": "managed",
      "type": "aws_lambda_function",
      "name": "lambda-process",
      "provider": "provider[\"registry.terraform.io/hashicorp/aws\"]",
      "instances": [
        {
          "schema_version": 0,
          "attributes": {
            "architectures": [
              "x86_64"
            ],
            "arn": "arn:aws:lambda:us-east-1:173725689523:function:dev-lambda-process",
            "code_signing_config_arn": "",
            "dead_letter_config": [],
            "description": "",
            "environment": [
              {
                "variables": {
                  "sns_topic": ""
                }
              }
            ],
            "ephemeral_storage": [
              {
                "size": 512
              }
            ],
            "file_system_config": [],
            "filename": "../../../build/libs/aws-step-functions-1.0-SNAPSHOT.jar",
            "function_name": "dev-lambda-process",
            "handler": "com.estebanbula.lambda.ProcessLambda::handleRequest",
            "id": "dev-lambda-process",
            "image_config": [],
            "image_uri": "",
            "invoke_arn": "arn:aws:apigateway:us-east-1:lambda:path/2015-03-31/functions/arn:aws:lambda:us-east-1:173725689523:function:dev-lambda-process/invocations",
            "kms_key_arn": "",
            "last_modified": "2023-11-11T22:59:15.000+0000",
            "layers": [],
            "memory_size": 512,
            "package_type": "Zip",
            "publish": false,
            "qualified_arn": "arn:aws:lambda:us-east-1:173725689523:function:dev-lambda-process:$LATEST",
            "qualified_invoke_arn": "arn:aws:apigateway:us-east-1:lambda:path/2015-03-31/functions/arn:aws:lambda:us-east-1:173725689523:function:dev-lambda-process:$LATEST/invocations",
            "replace_security_groups_on_destroy": null,
            "replacement_security_group_ids": null,
            "reserved_concurrent_executions": -1,
            "role": "arn:aws:iam::173725689523:role/lambda-rol",
            "runtime": "java17",
            "s3_bucket": null,
            "s3_key": null,
            "s3_object_version": null,
            "signing_job_arn": "",
            "signing_profile_version_arn": "",
            "skip_destroy": false,
            "snap_start": [],
            "source_code_hash": "gcrpHPBqxTLnvWuLS8i+PSbrJ1N1mw+nJ/Wz6+dO/lY=",
            "source_code_size": 10434,
            "tags": {},
            "tags_all": {},
            "timeout": 300,
            "timeouts": null,
            "tracing_config": [
              {
                "mode": "PassThrough"
              }
            ],
            "version": "$LATEST",
            "vpc_config": []
          },
          "sensitive_attributes": [],
          "private": "eyJlMmJmYjczMC1lY2FhLTExZTYtOGY4OC0zNDM2M2JjN2M0YzAiOnsiY3JlYXRlIjo2MDAwMDAwMDAwMDAsImRlbGV0ZSI6NjAwMDAwMDAwMDAwLCJ1cGRhdGUiOjYwMDAwMDAwMDAwMH19"
        }
      ]
    },
    {
      "module": "module.core",
      "mode": "managed",
      "type": "aws_lambda_function",
      "name": "lambda-validate",
      "provider": "provider[\"registry.terraform.io/hashicorp/aws\"]",
      "instances": [
        {
          "schema_version": 0,
          "attributes": {
            "architectures": [
              "x86_64"
            ],
            "arn": "arn:aws:lambda:us-east-1:173725689523:function:dev-lambda-validate",
            "code_signing_config_arn": "",
            "dead_letter_config": [],
            "description": "",
            "environment": [
              {
                "variables": {
                  "sns_topic": ""
                }
              }
            ],
            "ephemeral_storage": [
              {
                "size": 512
              }
            ],
            "file_system_config": [],
            "filename": "../../../build/libs/aws-step-functions-1.0-SNAPSHOT.jar",
            "function_name": "dev-lambda-validate",
            "handler": "com.estebanbula.lambda.ValidateLambda::handleRequest",
            "id": "dev-lambda-validate",
            "image_config": [],
            "image_uri": "",
            "invoke_arn": "arn:aws:apigateway:us-east-1:lambda:path/2015-03-31/functions/arn:aws:lambda:us-east-1:173725689523:function:dev-lambda-validate/invocations",
            "kms_key_arn": "",
            "last_modified": "2023-11-11T22:59:26.000+0000",
            "layers": [],
            "memory_size": 512,
            "package_type": "Zip",
            "publish": false,
            "qualified_arn": "arn:aws:lambda:us-east-1:173725689523:function:dev-lambda-validate:$LATEST",
            "qualified_invoke_arn": "arn:aws:apigateway:us-east-1:lambda:path/2015-03-31/functions/arn:aws:lambda:us-east-1:173725689523:function:dev-lambda-validate:$LATEST/invocations",
            "replace_security_groups_on_destroy": null,
            "replacement_security_group_ids": null,
            "reserved_concurrent_executions": -1,
            "role": "arn:aws:iam::173725689523:role/lambda-rol",
            "runtime": "java17",
            "s3_bucket": null,
            "s3_key": null,
            "s3_object_version": null,
            "signing_job_arn": "",
            "signing_profile_version_arn": "",
            "skip_destroy": false,
            "snap_start": [],
            "source_code_hash": "gcrpHPBqxTLnvWuLS8i+PSbrJ1N1mw+nJ/Wz6+dO/lY=",
            "source_code_size": 10434,
            "tags": {},
            "tags_all": {},
            "timeout": 300,
            "timeouts": null,
            "tracing_config": [
              {
                "mode": "PassThrough"
              }
            ],
            "version": "$LATEST",
            "vpc_config": []
          },
          "sensitive_attributes": [],
          "private": "eyJlMmJmYjczMC1lY2FhLTExZTYtOGY4OC0zNDM2M2JjN2M0YzAiOnsiY3JlYXRlIjo2MDAwMDAwMDAwMDAsImRlbGV0ZSI6NjAwMDAwMDAwMDAwLCJ1cGRhdGUiOjYwMDAwMDAwMDAwMH19"
        }
      ]
    },
    {
      "module": "module.core",
      "mode": "managed",
      "type": "aws_sfn_state_machine",
      "name": "main-workflow",
      "provider": "provider[\"registry.terraform.io/hashicorp/aws\"]",
      "instances": [
        {
          "schema_version": 0,
          "attributes": {
            "arn": "arn:aws:states:us-east-1:173725689523:stateMachine:dev-main-workflow",
            "creation_date": "2023-11-11T22:53:36Z",
            "definition": "\n{\n  \"StartAt\": \"Validate\",\n  \"States\": {\n    \"Validate\": {\n      \"Type\": \"Task\",\n      \"Resource\": \"arn:aws:lambda:us-east-1:173725689523:function:dev-lambda-validate\",\n      \"Next\": \"Process\",\n      \"TimeoutSeconds\": 120,\n      \"Catch\" : [{\n        \"ErrorEquals\" : [\"States.ALL\"],\n        \"ResultPath\": \"$.error\",\n        \"Next\" : \"Exception\"\n      }]\n    },\n    \"Process\": {\n      \"Type\": \"Task\",\n      \"Resource\": \"arn:aws:lambda:us-east-1:173725689523:function:dev-lambda-process\",\n      \"Next\": \"Succeeded\",\n      \"TimeoutSeconds\": 120,\n      \"Catch\" : [{\n        \"ErrorEquals\" : [\"States.ALL\"],\n        \"ResultPath\": \"$.error\",\n        \"Next\" : \"Exception\"\n      }]\n    },\n    \"Exception\" : {\n      \"Type\": \"Task\",\n      \"Resource\": \"arn:aws:lambda:us-east-1:173725689523:function:dev-lambda-exception\",\n      \"ResultPath\": \"$.error.exception_handled\",\n      \"Next\" : \"Failed\"\n    },\n    \"Succeeded\" : {\n      \"End\" : true,\n      \"Type\" : \"Pass\"\n    },\n    \"Failed\": {\n      \"Type\": \"Fail\"\n    }\n  }\n}\n\n",
            "description": "",
            "id": "arn:aws:states:us-east-1:173725689523:stateMachine:dev-main-workflow",
            "logging_configuration": [
              {
                "include_execution_data": false,
                "level": "OFF",
                "log_destination": ""
              }
            ],
            "name": "dev-main-workflow",
            "name_prefix": "",
            "publish": false,
            "revision_id": "",
            "role_arn": "arn:aws:iam::173725689523:role/lambda-rol",
            "state_machine_version_arn": "",
            "status": "ACTIVE",
            "tags": {},
            "tags_all": {},
            "timeouts": null,
            "tracing_configuration": [
              {
                "enabled": false
              }
            ],
            "type": "STANDARD",
            "version_description": null
          },
          "sensitive_attributes": [],
          "private": "eyJlMmJmYjczMC1lY2FhLTExZTYtOGY4OC0zNDM2M2JjN2M0YzAiOnsiY3JlYXRlIjozMDAwMDAwMDAwMDAsImRlbGV0ZSI6MzAwMDAwMDAwMDAwLCJ1cGRhdGUiOjYwMDAwMDAwMDAwfX0=",
          "dependencies": [
            "module.core.aws_lambda_function.lambda-exception",
            "module.core.aws_lambda_function.lambda-process",
            "module.core.aws_lambda_function.lambda-validate"
          ]
        }
      ]
    }
  ],
  "check_results": null
}
